// !$*UTF8*$!
{
	archiveVersion = 1;
	classes = {
	};
	objectVersion = 77;
	objects = {

/* Begin PBXContainerItemProxy section */
		BAC0666E2E5C52A3004EBDC9 /* PBXContainerItemProxy */ = {
			isa = PBXContainerItemProxy;
			containerPortal = BAC066582E5C52A1004EBDC9 /* Project object */;
			proxyType = 1;
			remoteGlobalIDString = BAC0665F2E5C52A1004EBDC9;
			remoteInfo = "wekjfkewrljghl3i;u4";
		};
		BAC066782E5C52A3004EBDC9 /* PBXContainerItemProxy */ = {
			isa = PBXContainerItemProxy;
			containerPortal = BAC066582E5C52A1004EBDC9 /* Project object */;
			proxyType = 1;
			remoteGlobalIDString = BAC0665F2E5C52A1004EBDC9;
			remoteInfo = "wekjfkewrljghl3i;u4";
		};
/* End PBXContainerItemProxy section */

/* Begin PBXFileReference section */
		BAC066602E5C52A1004EBDC9 /* wekjfkewrljghl3i;u4.app */ = {isa = PBXFileReference; explicitFileType = wrapper.application; includeInIndex = 0; path = "wekjfkewrljghl3i;u4.app"; sourceTree = BUILT_PRODUCTS_DIR; };
		BAC0666D2E5C52A3004EBDC9 /* wekjfkewrljghl3i;u4Tests.xctest */ = {isa = PBXFileReference; explicitFileType = wrapper.cfbundle; includeInIndex = 0; path = "wekjfkewrljghl3i;u4Tests.xctest"; sourceTree = BUILT_PRODUCTS_DIR; };
		BAC066772E5C52A3004EBDC9 /* wekjfkewrljghl3i;u4UITests.xctest */ = {isa = PBXFileReference; explicitFileType = wrapper.cfbundle; includeInIndex = 0; path = "wekjfkewrljghl3i;u4UITests.xctest"; sourceTree = BUILT_PRODUCTS_DIR; };
/* End PBXFileReference section */

/* Begin PBXFileSystemSynchronizedRootGroup section */
		BAC066622E5C52A1004EBDC9 /* wekjfkewrljghl3i;u4 */ = {
			isa = PBXFileSystemSynchronizedRootGroup;
			path = "wekjfkewrljghl3i;u4";
			sourceTree = "<group>";
		};
		BAC066702E5C52A3004EBDC9 /* wekjfkewrljghl3i;u4Tests */ = {
			isa = PBXFileSystemSynchronizedRootGroup;
			path = "wekjfkewrljghl3i;u4Tests";
			sourceTree = "<group>";
		};
		BAC0667A2E5C52A3004EBDC9 /* wekjfkewrljghl3i;u4UITests */ = {
			isa = PBXFileSystemSynchronizedRootGroup;
			path = "wekjfkewrljghl3i;u4UITests";
			sourceTree = "<group>";
		};
/* End PBXFileSystemSynchronizedRootGroup section */

/* Begin PBXFrameworksBuildPhase section */
		BAC0665D2E5C52A1004EBDC9 /* Frameworks */ = {
			isa = PBXFrameworksBuildPhase;
			buildActionMask = 2147483647;
			files = (
			);
			runOnlyForDeploymentPostprocessing = 0;
		};
		BAC0666A2E5C52A3004EBDC9 /* Frameworks */ = {
			isa = PBXFrameworksBuildPhase;
			buildActionMask = 2147483647;
			files = (
			);
			runOnlyForDeploymentPostprocessing = 0;
		};
		BAC066742E5C52A3004EBDC9 /* Frameworks */ = {
			isa = PBXFrameworksBuildPhase;
			buildActionMask = 2147483647;
			files = (
			);
			runOnlyForDeploymentPostprocessing = 0;
		};
/* End PBXFrameworksBuildPhase section */

/* Begin PBXGroup section */
		BAC066572E5C52A1004EBDC9 = {
			isa = PBXGroup;
			children = (
				BAC066622E5C52A1004EBDC9 /* wekjfkewrljghl3i;u4 */,
				BAC066702E5C52A3004EBDC9 /* wekjfkewrljghl3i;u4Tests */,
				BAC0667A2E5C52A3004EBDC9 /* wekjfkewrljghl3i;u4UITests */,
				BAC066612E5C52A1004EBDC9 /* Products */,
			);
			sourceTree = "<group>";
		};
		BAC066612E5C52A1004EBDC9 /* Products */ = {
			isa = PBXGroup;
			children = (
				BAC066602E5C52A1004EBDC9 /* wekjfkewrljghl3i;u4.app */,
				BAC0666D2E5C52A3004EBDC9 /* wekjfkewrljghl3i;u4Tests.xctest */,
				BAC066772E5C52A3004EBDC9 /* wekjfkewrljghl3i;u4UITests.xctest */,
			);
			name = Products;
			sourceTree = "<group>";
		};
/* End PBXGroup section */

/* Begin PBXNativeTarget section */
		BAC0665F2E5C52A1004EBDC9 /* wekjfkewrljghl3i;u4 */ = {
			isa = PBXNativeTarget;
			buildConfigurationList = BAC066812E5C52A3004EBDC9 /* Build configuration list for PBXNativeTarget "wekjfkewrljghl3i;u4" */;
			buildPhases = (
				BAC0665C2E5C52A1004EBDC9 /* Sources */,
				BAC0665D2E5C52A1004EBDC9 /* Frameworks */,
				BAC0665E2E5C52A1004EBDC9 /* Resources */,
			);
			buildRules = (
			);
			dependencies = (
			);
			fileSystemSynchronizedGroups = (
				BAC066622E5C52A1004EBDC9 /* wekjfkewrljghl3i;u4 */,
			);
			name = "wekjfkewrljghl3i;u4";
			packageProductDependencies = (
			);
			productName = "wekjfkewrljghl3i;u4";
			productReference = BAC066602E5C52A1004EBDC9 /* wekjfkewrljghl3i;u4.app */;
			productType = "com.apple.product-type.application";
		};
		BAC0666C2E5C52A3004EBDC9 /* wekjfkewrljghl3i;u4Tests */ = {
			isa = PBXNativeTarget;
			buildConfigurationList = BAC066842E5C52A3004EBDC9 /* Build configuration list for PBXNativeTarget "wekjfkewrljghl3i;u4Tests" */;
			buildPhases = (
				BAC066692E5C52A3004EBDC9 /* Sources */,
				BAC0666A2E5C52A3004EBDC9 /* Frameworks */,
				BAC0666B2E5C52A3004EBDC9 /* Resources */,
			);
			buildRules = (
			);
			dependencies = (
				BAC0666F2E5C52A3004EBDC9 /* PBXTargetDependency */,
			);
			fileSystemSynchronizedGroups = (
				BAC066702E5C52A3004EBDC9 /* wekjfkewrljghl3i;u4Tests */,
			);
			name = "wekjfkewrljghl3i;u4Tests";
			packageProductDependencies = (
			);
			productName = "wekjfkewrljghl3i;u4Tests";
			productReference = BAC0666D2E5C52A3004EBDC9 /* wekjfkewrljghl3i;u4Tests.xctest */;
			productType = "com.apple.product-type.bundle.unit-test";
		};
		BAC066762E5C52A3004EBDC9 /* wekjfkewrljghl3i;u4UITests */ = {
			isa = PBXNativeTarget;
			buildConfigurationList = BAC066872E5C52A3004EBDC9 /* Build configuration list for PBXNativeTarget "wekjfkewrljghl3i;u4UITests" */;
			buildPhases = (
				BAC066732E5C52A3004EBDC9 /* Sources */,
				BAC066742E5C52A3004EBDC9 /* Frameworks */,
				BAC066752E5C52A3004EBDC9 /* Resources */,
			);
			buildRules = (
			);
			dependencies = (
				BAC066792E5C52A3004EBDC9 /* PBXTargetDependency */,
			);
			fileSystemSynchronizedGroups = (
				BAC0667A2E5C52A3004EBDC9 /* wekjfkewrljghl3i;u4UITests */,
			);
			name = "wekjfkewrljghl3i;u4UITests";
			packageProductDependencies = (
			);
			productName = "wekjfkewrljghl3i;u4UITests";
			productReference = BAC066772E5C52A3004EBDC9 /* wekjfkewrljghl3i;u4UITests.xctest */;
			productType = "com.apple.product-type.bundle.ui-testing";
		};
/* End PBXNativeTarget section */

/* Begin PBXProject section */
		BAC066582E5C52A1004EBDC9 /* Project object */ = {
			isa = PBXProject;
			attributes = {
				BuildIndependentTargetsInParallel = 1;
				LastSwiftUpdateCheck = 1640;
				LastUpgradeCheck = 1640;
				TargetAttributes = {
					BAC0665F2E5C52A1004EBDC9 = {
						CreatedOnToolsVersion = 16.4;
					};
					BAC0666C2E5C52A3004EBDC9 = {
						CreatedOnToolsVersion = 16.4;
						TestTargetID = BAC0665F2E5C52A1004EBDC9;
					};
					BAC066762E5C52A3004EBDC9 = {
						CreatedOnToolsVersion = 16.4;
						TestTargetID = BAC0665F2E5C52A1004EBDC9;
					};
				};
			};
			buildConfigurationList = BAC0665B2E5C52A1004EBDC9 /* Build configuration list for PBXProject "wekjfkewrljghl3i;u4" */;
			developmentRegion = en;
			hasScannedForEncodings = 0;
			knownRegions = (
				en,
				Base,
			);
			mainGroup = BAC066572E5C52A1004EBDC9;
			minimizedProjectReferenceProxies = 1;
			preferredProjectObjectVersion = 77;
			productRefGroup = BAC066612E5C52A1004EBDC9 /* Products */;
			projectDirPath = "";
			projectRoot = "";
			targets = (
				BAC0665F2E5C52A1004EBDC9 /* wekjfkewrljghl3i;u4 */,
				BAC0666C2E5C52A3004EBDC9 /* wekjfkewrljghl3i;u4Tests */,
				BAC066762E5C52A3004EBDC9 /* wekjfkewrljghl3i;u4UITests */,
			);
		};
/* End PBXProject section */

/* Begin PBXResourcesBuildPhase section */
		BAC0665E2E5C52A1004EBDC9 /* Resources */ = {
			isa = PBXResourcesBuildPhase;
			buildActionMask = 2147483647;
			files = (
			);
			runOnlyForDeploymentPostprocessing = 0;
		};
		BAC0666B2E5C52A3004EBDC9 /* Resources */ = {
			isa = PBXResourcesBuildPhase;
			buildActionMask = 2147483647;
			files = (
			);
			runOnlyForDeploymentPostprocessing = 0;
		};
		BAC066752E5C52A3004EBDC9 /* Resources */ = {
			isa = PBXResourcesBuildPhase;
			buildActionMask = 2147483647;
			files = (
			);
			runOnlyForDeploymentPostprocessing = 0;
		};
/* End PBXResourcesBuildPhase section */

/* Begin PBXSourcesBuildPhase section */
		BAC0665C2E5C52A1004EBDC9 /* Sources */ = {
			isa = PBXSourcesBuildPhase;
			buildActionMask = 2147483647;
			files = (
			);
			runOnlyForDeploymentPostprocessing = 0;
		};
		BAC066692E5C52A3004EBDC9 /* Sources */ = {
			isa = PBXSourcesBuildPhase;
			buildActionMask = 2147483647;
			files = (
			);
			runOnlyForDeploymentPostprocessing = 0;
		};
		BAC066732E5C52A3004EBDC9 /* Sources */ = {
			isa = PBXSourcesBuildPhase;
			buildActionMask = 2147483647;
			files = (
			);
			runOnlyForDeploymentPostprocessing = 0;
		};
/* End PBXSourcesBuildPhase section */

/* Begin PBXTargetDependency section */
		BAC0666F2E5C52A3004EBDC9 /* PBXTargetDependency */ = {
			isa = PBXTargetDependency;
			target = BAC0665F2E5C52A1004EBDC9 /* wekjfkewrljghl3i;u4 */;
			targetProxy = BAC0666E2E5C52A3004EBDC9 /* PBXContainerItemProxy */;
		};
		BAC066792E5C52A3004EBDC9 /* PBXTargetDependency */ = {
			isa = PBXTargetDependency;
			target = BAC0665F2E5C52A1004EBDC9 /* wekjfkewrljghl3i;u4 */;
			targetProxy = BAC066782E5C52A3004EBDC9 /* PBXContainerItemProxy */;
		};
/* End PBXTargetDependency section */

/* Begin XCBuildConfiguration section */
		BAC0667F2E5C52A3004EBDC9 /* Debug */ = {
			isa = XCBuildConfiguration;
			buildSettings = {
				ALWAYS_SEARCH_USER_PATHS = NO;
				ASSETCATALOG_COMPILER_GENERATE_SWIFT_ASSET_SYMBOL_EXTENSIONS = YES;
				CLANG_ANALYZER_NONNULL = YES;
				CLANG_ANALYZER_NUMBER_OBJECT_CONVERSION = YES_AGGRESSIVE;
				CLANG_CXX_LANGUAGE_STANDARD = "gnu++20";
				CLANG_ENABLE_MODULES = YES;
				CLANG_ENABLE_OBJC_ARC = YES;
				CLANG_ENABLE_OBJC_WEAK = YES;
				CLANG_WARN_BLOCK_CAPTURE_AUTORELEASING = YES;
				CLANG_WARN_BOOL_CONVERSION = YES;
				CLANG_WARN_COMMA = YES;
				CLANG_WARN_CONSTANT_CONVERSION = YES;
				CLANG_WARN_DEPRECATED_OBJC_IMPLEMENTATIONS = YES;
				CLANG_WARN_DIRECT_OBJC_ISA_USAGE = YES_ERROR;
				CLANG_WARN_DOCUMENTATION_COMMENTS = YES;
				CLANG_WARN_EMPTY_BODY = YES;
				CLANG_WARN_ENUM_CONVERSION = YES;
				CLANG_WARN_INFINITE_RECURSION = YES;
				CLANG_WARN_INT_CONVERSION = YES;
				CLANG_WARN_NON_LITERAL_NULL_CONVERSION = YES;
				CLANG_WARN_OBJC_IMPLICIT_RETAIN_SELF = YES;
				CLANG_WARN_OBJC_LITERAL_CONVERSION = YES;
				CLANG_WARN_OBJC_ROOT_CLASS = YES_ERROR;
				CLANG_WARN_QUOTED_INCLUDE_IN_FRAMEWORK_HEADER = YES;
				CLANG_WARN_RANGE_LOOP_ANALYSIS = YES;
				CLANG_WARN_STRICT_PROTOTYPES = YES;
				CLANG_WARN_SUSPICIOUS_MOVE = YES;
				CLANG_WARN_UNGUARDED_AVAILABILITY = YES_AGGRESSIVE;
				CLANG_WARN_UNREACHABLE_CODE = YES;
				CLANG_WARN__DUPLICATE_METHOD_MATCH = YES;
				COPY_PHASE_STRIP = NO;
				DEBUG_INFORMATION_FORMAT = dwarf;
				ENABLE_STRICT_OBJC_MSGSEND = YES;
				ENABLE_TESTABILITY = YES;
				ENABLE_USER_SCRIPT_SANDBOXING = YES;
				GCC_C_LANGUAGE_STANDARD = gnu17;
				GCC_DYNAMIC_NO_PIC = NO;
				GCC_NO_COMMON_BLOCKS = YES;
				GCC_OPTIMIZATION_LEVEL = 0;
				GCC_PREPROCESSOR_DEFINITIONS = (
					"DEBUG=1",
					"$(inherited)",
				);
				GCC_WARN_64_TO_32_BIT_CONVERSION = YES;
				GCC_WARN_ABOUT_RETURN_TYPE = YES_ERROR;
				GCC_WARN_UNDECLARED_SELECTOR = YES;
				GCC_WARN_UNINITIALIZED_AUTOS = YES_AGGRESSIVE;
				GCC_WARN_UNUSED_FUNCTION = YES;
				GCC_WARN_UNUSED_VARIABLE = YES;
				IPHONEOS_DEPLOYMENT_TARGET = 18.5;
				LOCALIZATION_PREFERS_STRING_CATALOGS = YES;
				MTL_ENABLE_DEBUG_INFO = INCLUDE_SOURCE;
				MTL_FAST_MATH = YES;
				ONLY_ACTIVE_ARCH = YES;
				SDKROOT = iphoneos;
				SWIFT_ACTIVE_COMPILATION_CONDITIONS = "DEBUG $(inherited)";
				SWIFT_OPTIMIZATION_LEVEL = "-Onone";
			};
			name = Debug;
		};
		BAC066802E5C52A3004EBDC9 /* Release */ = {
			isa = XCBuildConfiguration;
			buildSettings = {
				ALWAYS_SEARCH_USER_PATHS = NO;
				ASSETCATALOG_COMPILER_GENERATE_SWIFT_ASSET_SYMBOL_EXTENSIONS = YES;
				CLANG_ANALYZER_NONNULL = YES;
				CLANG_ANALYZER_NUMBER_OBJECT_CONVERSION = YES_AGGRESSIVE;
				CLANG_CXX_LANGUAGE_STANDARD = "gnu++20";
				CLANG_ENABLE_MODULES = YES;
				CLANG_ENABLE_OBJC_ARC = YES;
				CLANG_ENABLE_OBJC_WEAK = YES;
				CLANG_WARN_BLOCK_CAPTURE_AUTORELEASING = YES;
				CLANG_WARN_BOOL_CONVERSION = YES;
				CLANG_WARN_COMMA = YES;
				CLANG_WARN_CONSTANT_CONVERSION = YES;
				CLANG_WARN_DEPRECATED_OBJC_IMPLEMENTATIONS = YES;
				CLANG_WARN_DIRECT_OBJC_ISA_USAGE = YES_ERROR;
				CLANG_WARN_DOCUMENTATION_COMMENTS = YES;
				CLANG_WARN_EMPTY_BODY = YES;
				CLANG_WARN_ENUM_CONVERSION = YES;
				CLANG_WARN_INFINITE_RECURSION = YES;
				CLANG_WARN_INT_CONVERSION = YES;
				CLANG_WARN_NON_LITERAL_NULL_CONVERSION = YES;
				CLANG_WARN_OBJC_IMPLICIT_RETAIN_SELF = YES;
				CLANG_WARN_OBJC_LITERAL_CONVERSION = YES;
				CLANG_WARN_OBJC_ROOT_CLASS = YES_ERROR;
				CLANG_WARN_QUOTED_INCLUDE_IN_FRAMEWORK_HEADER = YES;
				CLANG_WARN_RANGE_LOOP_ANALYSIS = YES;
				CLANG_WARN_STRICT_PROTOTYPES = YES;
				CLANG_WARN_SUSPICIOUS_MOVE = YES;
				CLANG_WARN_UNGUARDED_AVAILABILITY = YES_AGGRESSIVE;
				CLANG_WARN_UNREACHABLE_CODE = YES;
				CLANG_WARN__DUPLICATE_METHOD_MATCH = YES;
				COPY_PHASE_STRIP = NO;
				DEBUG_INFORMATION_FORMAT = "dwarf-with-dsym";
				ENABLE_NS_ASSERTIONS = NO;
				ENABLE_STRICT_OBJC_MSGSEND = YES;
				ENABLE_USER_SCRIPT_SANDBOXING = YES;
				GCC_C_LANGUAGE_STANDARD = gnu17;
				GCC_NO_COMMON_BLOCKS = YES;
				GCC_WARN_64_TO_32_BIT_CONVERSION = YES;
				GCC_WARN_ABOUT_RETURN_TYPE = YES_ERROR;
				GCC_WARN_UNDECLARED_SELECTOR = YES;
				GCC_WARN_UNINITIALIZED_AUTOS = YES_AGGRESSIVE;
				GCC_WARN_UNUSED_FUNCTION = YES;
				GCC_WARN_UNUSED_VARIABLE = YES;
				IPHONEOS_DEPLOYMENT_TARGET = 18.5;
				LOCALIZATION_PREFERS_STRING_CATALOGS = YES;
				MTL_ENABLE_DEBUG_INFO = NO;
				MTL_FAST_MATH = YES;
				SDKROOT = iphoneos;
				SWIFT_COMPILATION_MODE = wholemodule;
				VALIDATE_PRODUCT = YES;
			};
			name = Release;
		};
		BAC066822E5C52A3004EBDC9 /* Debug */ = {
			isa = XCBuildConfiguration;
			buildSettings = {
				ASSETCATALOG_COMPILER_APPICON_NAME = AppIcon;
				ASSETCATALOG_COMPILER_GLOBAL_ACCENT_COLOR_NAME = AccentColor;
				CODE_SIGN_STYLE = Automatic;
				CURRENT_PROJECT_VERSION = 1;
				ENABLE_PREVIEWS = YES;
				GENERATE_INFOPLIST_FILE = YES;
				INFOPLIST_KEY_UIApplicationSceneManifest_Generation = YES;
				INFOPLIST_KEY_UIApplicationSupportsIndirectInputEvents = YES;
				INFOPLIST_KEY_UILaunchScreen_Generation = YES;
				INFOPLIST_KEY_UISupportedInterfaceOrientations_iPad = "UIInterfaceOrientationPortrait UIInterfaceOrientationPortraitUpsideDown UIInterfaceOrientationLandscapeLeft UIInterfaceOrientationLandscapeRight";
				INFOPLIST_KEY_UISupportedInterfaceOrientations_iPhone = "UIInterfaceOrientationPortrait UIInterfaceOrientationLandscapeLeft UIInterfaceOrientationLandscapeRight";
				LD_RUNPATH_SEARCH_PATHS = (
					"$(inherited)",
					"@executable_path/Frameworks",
				);
				MARKETING_VERSION = 1.0;
				PRODUCT_BUNDLE_IDENTIFIER = "hello.wekjfkewrljghl3i-u4";
				PRODUCT_NAME = "$(TARGET_NAME)";
				SWIFT_EMIT_LOC_STRINGS = YES;
				SWIFT_VERSION = 5.0;
				TARGETED_DEVICE_FAMILY = "1,2";
			};
			name = Debug;
		};
		BAC066832E5C52A3004EBDC9 /* Release */ = {
			isa = XCBuildConfiguration;
			buildSettings = {
				ASSETCATALOG_COMPILER_APPICON_NAME = AppIcon;
				ASSETCATALOG_COMPILER_GLOBAL_ACCENT_COLOR_NAME = AccentColor;
				CODE_SIGN_STYLE = Automatic;
				CURRENT_PROJECT_VERSION = 1;
				ENABLE_PREVIEWS = YES;
				GENERATE_INFOPLIST_FILE = YES;
				INFOPLIST_KEY_UIApplicationSceneManifest_Generation = YES;
				INFOPLIST_KEY_UIApplicationSupportsIndirectInputEvents = YES;
				INFOPLIST_KEY_UILaunchScreen_Generation = YES;
				INFOPLIST_KEY_UISupportedInterfaceOrientations_iPad = "UIInterfaceOrientationPortrait UIInterfaceOrientationPortraitUpsideDown UIInterfaceOrientationLandscapeLeft UIInterfaceOrientationLandscapeRight";
				INFOPLIST_KEY_UISupportedInterfaceOrientations_iPhone = "UIInterfaceOrientationPortrait UIInterfaceOrientationLandscapeLeft UIInterfaceOrientationLandscapeRight";
				LD_RUNPATH_SEARCH_PATHS = (
					"$(inherited)",
					"@executable_path/Frameworks",
				);
				MARKETING_VERSION = 1.0;
				PRODUCT_BUNDLE_IDENTIFIER = "hello.wekjfkewrljghl3i-u4";
				PRODUCT_NAME = "$(TARGET_NAME)";
				SWIFT_EMIT_LOC_STRINGS = YES;
				SWIFT_VERSION = 5.0;
				TARGETED_DEVICE_FAMILY = "1,2";
			};
			name = Release;
		};
		BAC066852E5C52A3004EBDC9 /* Debug */ = {
			isa = XCBuildConfiguration;
			buildSettings = {
				BUNDLE_LOADER = "$(TEST_HOST)";
				CODE_SIGN_STYLE = Automatic;
				CURRENT_PROJECT_VERSION = 1;
				GENERATE_INFOPLIST_FILE = YES;
				IPHONEOS_DEPLOYMENT_TARGET = 18.5;
				MARKETING_VERSION = 1.0;
				PRODUCT_BUNDLE_IDENTIFIER = "hello.wekjfkewrljghl3i-u4Tests";
				PRODUCT_NAME = "$(TARGET_NAME)";
				SWIFT_EMIT_LOC_STRINGS = NO;
				SWIFT_VERSION = 5.0;
				TARGETED_DEVICE_FAMILY = "1,2";
				TEST_HOST = "$(BUILT_PRODUCTS_DIR)/wekjfkewrljghl3i;u4.app/$(BUNDLE_EXECUTABLE_FOLDER_PATH)/wekjfkewrljghl3i;u4";
			};
			name = Debug;
		};
		BAC066862E5C52A3004EBDC9 /* Release */ = {
			isa = XCBuildConfiguration;
			buildSettings = {
				BUNDLE_LOADER = "$(TEST_HOST)";
				CODE_SIGN_STYLE = Automatic;
				CURRENT_PROJECT_VERSION = 1;
				GENERATE_INFOPLIST_FILE = YES;
				IPHONEOS_DEPLOYMENT_TARGET = 18.5;
				MARKETING_VERSION = 1.0;
				PRODUCT_BUNDLE_IDENTIFIER = "hello.wekjfkewrljghl3i-u4Tests";
				PRODUCT_NAME = "$(TARGET_NAME)";
				SWIFT_EMIT_LOC_STRINGS = NO;
				SWIFT_VERSION = 5.0;
				TARGETED_DEVICE_FAMILY = "1,2";
				TEST_HOST = "$(BUILT_PRODUCTS_DIR)/wekjfkewrljghl3i;u4.app/$(BUNDLE_EXECUTABLE_FOLDER_PATH)/wekjfkewrljghl3i;u4";
			};
			name = Release;
		};
		BAC066882E5C52A3004EBDC9 /* Debug */ = {
			isa = XCBuildConfiguration;
			buildSettings = {
				CODE_SIGN_STYLE = Automatic;
				CURRENT_PROJECT_VERSION = 1;
				GENERATE_INFOPLIST_FILE = YES;
				MARKETING_VERSION = 1.0;
				PRODUCT_BUNDLE_IDENTIFIER = "hello.wekjfkewrljghl3i-u4UITests";
				PRODUCT_NAME = "$(TARGET_NAME)";
				SWIFT_EMIT_LOC_STRINGS = NO;
				SWIFT_VERSION = 5.0;
				TARGETED_DEVICE_FAMILY = "1,2";
				TEST_TARGET_NAME = "wekjfkewrljghl3i;u4";
			};
			name = Debug;
		};
		BAC066892E5C52A3004EBDC9 /* Release */ = {
			isa = XCBuildConfiguration;
			buildSettings = {
				CODE_SIGN_STYLE = Automatic;
				CURRENT_PROJECT_VERSION = 1;
				GENERATE_INFOPLIST_FILE = YES;
				MARKETING_VERSION = 1.0;
				PRODUCT_BUNDLE_IDENTIFIER = "hello.wekjfkewrljghl3i-u4UITests";
				PRODUCT_NAME = "$(TARGET_NAME)";
				SWIFT_EMIT_LOC_STRINGS = NO;
				SWIFT_VERSION = 5.0;
				TARGETED_DEVICE_FAMILY = "1,2";
				TEST_TARGET_NAME = "wekjfkewrljghl3i;u4";
			};
			name = Release;
		};
/* End XCBuildConfiguration section */

/* Begin XCConfigurationList section */
		BAC0665B2E5C52A1004EBDC9 /* Build configuration list for PBXProject "wekjfkewrljghl3i;u4" */ = {
			isa = XCConfigurationList;
			buildConfigurations = (
				BAC0667F2E5C52A3004EBDC9 /* Debug */,
				BAC066802E5C52A3004EBDC9 /* Release */,
			);
			defaultConfigurationIsVisible = 0;
			defaultConfigurationName = Release;
		};
		BAC066812E5C52A3004EBDC9 /* Build configuration list for PBXNativeTarget "wekjfkewrljghl3i;u4" */ = {
			isa = XCConfigurationList;
			buildConfigurations = (
				BAC066822E5C52A3004EBDC9 /* Debug */,
				BAC066832E5C52A3004EBDC9 /* Release */,
			);
			defaultConfigurationIsVisible = 0;
			defaultConfigurationName = Release;
		};
		BAC066842E5C52A3004EBDC9 /* Build configuration list for PBXNativeTarget "wekjfkewrljghl3i;u4Tests" */ = {
			isa = XCConfigurationList;
			buildConfigurations = (
				BAC066852E5C52A3004EBDC9 /* Debug */,
				BAC066862E5C52A3004EBDC9 /* Release */,
			);
			defaultConfigurationIsVisible = 0;
			defaultConfigurationName = Release;
		};
		BAC066872E5C52A3004EBDC9 /* Build configuration list for PBXNativeTarget "wekjfkewrljghl3i;u4UITests" */ = {
			isa = XCConfigurationList;
			buildConfigurations = (
				BAC066882E5C52A3004EBDC9 /* Debug */,
				BAC066892E5C52A3004EBDC9 /* Release */,
			);
			defaultConfigurationIsVisible = 0;
			defaultConfigurationName = Release;
		};
/* End XCConfigurationList section */
	};
	rootObject = BAC066582E5C52A1004EBDC9 /* Project object */;
}
